
Microsoft Visual Studio Solution File, Format Version 12.00
# Visual Studio Version 16
VisualStudioVersion = 16.0.30309.148
MinimumVisualStudioVersion = 10.0.40219.1
Project("{FAE04EC0-301F-11D3-BF4B-00C04F79EFBC}") = "part-4 random numbers", "part-4 random numbers.csproj", "{A1E65985-8906-4B4A-A983-821704841EDC}"
EndProject
Global
	GlobalSection(SolutionConfigurationPlatforms) = preSolution
		Debug|Any CPU = Debug|Any CPU
		Release|Any CPU = Release|Any CPU
	EndGlobalSection
	GlobalSection(ProjectConfigurationPlatforms) = postSolution
		{A1E65985-8906-4B4A-A983-821704841EDC}.Debug|Any CPU.ActiveCfg = Debug|Any CPU
		{A1E65985-8906-4B4A-A983-821704841EDC}.Debug|Any CPU.Build.0 = Debug|Any CPU
		{A1E65985-8906-4B4A-A983-821704841EDC}.Release|Any CPU.ActiveCfg = Release|Any CPU
		{A1E65985-8906-4B4A-A983-821704841EDC}.Release|Any CPU.Build.0 = Release|Any CPU
	EndGlobalSection
	GlobalSection(SolutionProperties) = preSolution
		HideSolutionNode = FALSE
	EndGlobalSection
	GlobalSection(ExtensibilityGlobals) = postSolution
		SolutionGuid = {C04942D7-49D8-472E-A1D8-009916586A13}
	EndGlobalSection
EndGlobal
